// !$*UTF8*$!
{
	archiveVersion = 1;
	classes = {
	};
	objectVersion = 50;
	objects = {

/* Begin PBXBuildFile section */
		4CD1D0B6266DA0C10087D54E /* AppDelegate.swift in Sources */ = {isa = PBXBuildFile; fileRef = 4CD1D0B5266DA0C10087D54E /* AppDelegate.swift */; };
		4CD1D0B8266DA0C10087D54E /* SceneDelegate.swift in Sources */ = {isa = PBXBuildFile; fileRef = 4CD1D0B7266DA0C10087D54E /* SceneDelegate.swift */; };
		4CD1D0BA266DA0C10087D54E /* ViewController.swift in Sources */ = {isa = PBXBuildFile; fileRef = 4CD1D0B9266DA0C10087D54E /* ViewController.swift */; };
		4CD1D0BD266DA0C10087D54E /* Main.storyboard in Resources */ = {isa = PBXBuildFile; fileRef = 4CD1D0BB266DA0C10087D54E /* Main.storyboard */; };
		4CD1D0BF266DA0C30087D54E /* Assets.xcassets in Resources */ = {isa = PBXBuildFile; fileRef = 4CD1D0BE266DA0C30087D54E /* Assets.xcassets */; };
		4CD1D0C2266DA0C30087D54E /* LaunchScreen.storyboard in Resources */ = {isa = PBXBuildFile; fileRef = 4CD1D0C0266DA0C30087D54E /* LaunchScreen.storyboard */; };
/* End PBXBuildFile section */

/* Begin PBXFileReference section */
		4CD1D0B2266DA0C10087D54E /* FlashApp.app */ = {isa = PBXFileReference; explicitFileType = wrapper.application; includeInIndex = 0; path = FlashApp.app; sourceTree = BUILT_PRODUCTS_DIR; };
		4CD1D0B5266DA0C10087D54E /* AppDelegate.swift */ = {isa = PBXFileReference; lastKnownFileType = sourcecode.swift; path = AppDelegate.swift; sourceTree = "<group>"; };
		4CD1D0B7266DA0C10087D54E /* SceneDelegate.swift */ = {isa = PBXFileReference; lastKnownFileType = sourcecode.swift; path = SceneDelegate.swift; sourceTree = "<group>"; };
		4CD1D0B9266DA0C10087D54E /* ViewController.swift */ = {isa = PBXFileReference; lastKnownFileType = sourcecode.swift; path = ViewController.swift; sourceTree = "<group>"; };
		4CD1D0BC266DA0C10087D54E /* Base */ = {isa = PBXFileReference; lastKnownFileType = file.storyboard; name = Base; path = Base.lproj/Main.storyboard; sourceTree = "<group>"; };
		4CD1D0BE266DA0C30087D54E /* Assets.xcassets */ = {isa = PBXFileReference; lastKnownFileType = folder.assetcatalog; path = Assets.xcassets; sourceTree = "<group>"; };
		4CD1D0C1266DA0C30087D54E /* Base */ = {isa = PBXFileReference; lastKnownFileType = file.storyboard; name = Base; path = Base.lproj/LaunchScreen.storyboard; sourceTree = "<group>"; };
		4CD1D0C3266DA0C30087D54E /* Info.plist */ = {isa = PBXFileReference; lastKnownFileType = text.plist.xml; path = Info.plist; sourceTree = "<group>"; };
/* End PBXFileReference section */

/* Begin PBXFrameworksBuildPhase section */
		4CD1D0AF266DA0C10087D54E /* Frameworks */ = {
			isa = PBXFrameworksBuildPhase;
			buildActionMask = 2147483647;
			files = (
			);
			runOnlyForDeploymentPostprocessing = 0;
		};
/* End PBXFrameworksBuildPhase section */

/* Begin PBXGroup section */
		4CD1D0A9266DA0C10087D54E = {
			isa = PBXGroup;
			children = (
				4CD1D0B4266DA0C10087D54E /* FlashApp */,
				4CD1D0B3266DA0C10087D54E /* Products */,
			);
			sourceTree = "<group>";
		};
		4CD1D0B3266DA0C10087D54E /* Products */ = {
			isa = PBXGroup;
			children = (
				4CD1D0B2266DA0C10087D54E /* FlashApp.app */,
			);
			name = Products;
			sourceTree = "<group>";
		};
		4CD1D0B4266DA0C10087D54E /* FlashApp */ = {
			isa = PBXGroup;
			children = (
				4CD1D0B5266DA0C10087D54E /* AppDelegate.swift */,
				4CD1D0B7266DA0C10087D54E /* SceneDelegate.swift */,
				4CD1D0B9266DA0C10087D54E /* ViewController.swift */,
				4CD1D0BB266DA0C10087D54E /* Main.storyboard */,
				4CD1D0BE266DA0C30087D54E /* Assets.xcassets */,
				4CD1D0C0266DA0C30087D54E /* LaunchScreen.storyboard */,
				4CD1D0C3266DA0C30087D54E /* Info.plist */,
			);
			path = FlashApp;
			sourceTree = "<group>";
		};
/* End PBXGroup section */

/* Begin PBXNativeTarget section */
		4CD1D0B1266DA0C10087D54E /* FlashApp */ = {
			isa = PBXNativeTarget;
			buildConfigurationList = 4CD1D0C6266DA0C30087D54E /* Build configuration list for PBXNativeTarget "FlashApp" */;
			buildPhases = (
				4CD1D0AE266DA0C10087D54E /* Sources */,
				4CD1D0AF266DA0C10087D54E /* Frameworks */,
				4CD1D0B0266DA0C10087D54E /* Resources */,
			);
			buildRules = (
			);
			dependencies = (
			);
			name = FlashApp;
			productName = FlashApp;
			productReference = 4CD1D0B2266DA0C10087D54E /* FlashApp.app */;
			productType = "com.apple.product-type.application";
		};
/* End PBXNativeTarget section */

/* Begin PBXProject section */
		4CD1D0AA266DA0C10087D54E /* Project object */ = {
			isa = PBXProject;
			attributes = {
				LastSwiftUpdateCheck = 1250;
				LastUpgradeCheck = 1250;
				TargetAttributes = {
					4CD1D0B1266DA0C10087D54E = {
						CreatedOnToolsVersion = 12.5;
					};
				};
			};
			buildConfigurationList = 4CD1D0AD266DA0C10087D54E /* Build configuration list for PBXProject "FlashApp" */;
			compatibilityVersion = "Xcode 9.3";
			developmentRegion = en;
			hasScannedForEncodings = 0;
			knownRegions = (
				en,
				Base,
			);
			mainGroup = 4CD1D0A9266DA0C10087D54E;
			productRefGroup = 4CD1D0B3266DA0C10087D54E /* Products */;
			projectDirPath = "";
			projectRoot = "";
			targets = (
				4CD1D0B1266DA0C10087D54E /* FlashApp */,
			);
		};
/* End PBXProject section */

/* Begin PBXResourcesBuildPhase section */
		4CD1D0B0266DA0C10087D54E /* Resources */ = {
			isa = PBXResourcesBuildPhase;
			buildActionMask = 2147483647;
			files = (
				4CD1D0C2266DA0C30087D54E /* LaunchScreen.storyboard in Resources */,
				4CD1D0BF266DA0C30087D54E /* Assets.xcassets in Resources */,
				4CD1D0BD266DA0C10087D54E /* Main.storyboard in Resources */,
			);
			runOnlyForDeploymentPostprocessing = 0;
		};
/* End PBXResourcesBuildPhase section */

/* Begin PBXSourcesBuildPhase section */
		4CD1D0AE266DA0C10087D54E /* Sources */ = {
			isa = PBXSourcesBuildPhase;
			buildActionMask = 2147483647;
			files = (
				4CD1D0BA266DA0C10087D54E /* ViewController.swift in Sources */,
				4CD1D0B6266DA0C10087D54E /* AppDelegate.swift in Sources */,
				4CD1D0B8266DA0C10087D54E /* SceneDelegate.swift in Sources */,
			);
			runOnlyForDeploymentPostprocessing = 0;
		};
/* End PBXSourcesBuildPhase section */

/* Begin PBXVariantGroup section */
		4CD1D0BB266DA0C10087D54E /* Main.storyboard */ = {
			isa = PBXVariantGroup;
			children = (
				4CD1D0BC266DA0C10087D54E /* Base */,
			);
			name = Main.storyboard;
			sourceTree = "<group>";
		};
		4CD1D0C0266DA0C30087D54E /* LaunchScreen.storyboard */ = {
			isa = PBXVariantGroup;
			children = (
				4CD1D0C1266DA0C30087D54E /* Base */,
			);
			name = LaunchScreen.storyboard;
			sourceTree = "<group>";
		};
/* End PBXVariantGroup section */

/* Begin XCBuildConfiguration section */
		4CD1D0C4266DA0C30087D54E /* Debug */ = {
			isa = XCBuildConfiguration;
			buildSettings = {
				ALWAYS_SEARCH_USER_PATHS = NO;
				CLANG_ANALYZER_NONNULL = YES;
				CLANG_ANALYZER_NUMBER_OBJECT_CONVERSION = YES_AGGRESSIVE;
				CLANG_CXX_LANGUAGE_STANDARD = "gnu++14";
				CLANG_CXX_LIBRARY = "libc++";
				CLANG_ENABLE_MODULES = YES;
				CLANG_ENABLE_OBJC_ARC = YES;
				CLANG_ENABLE_OBJC_WEAK = YES;
				CLANG_WARN_BLOCK_CAPTURE_AUTORELEASING = YES;
				CLANG_WARN_BOOL_CONVERSION = YES;
				CLANG_WARN_COMMA = YES;
				CLANG_WARN_CONSTANT_CONVERSION = YES;
				CLANG_WARN_DEPRECATED_OBJC_IMPLEMENTATIONS = YES;
				CLANG_WARN_DIRECT_OBJC_ISA_USAGE = YES_ERROR;
				CLANG_WARN_DOCUMENTATION_COMMENTS = YES;
				CLANG_WARN_EMPTY_BODY = YES;
				CLANG_WARN_ENUM_CONVERSION = YES;
				CLANG_WARN_INFINITE_RECURSION = YES;
				CLANG_WARN_INT_CONVERSION = YES;
				CLANG_WARN_NON_LITERAL_NULL_CONVERSION = YES;
				CLANG_WARN_OBJC_IMPLICIT_RETAIN_SELF = YES;
				CLANG_WARN_OBJC_LITERAL_CONVERSION = YES;
				CLANG_WARN_OBJC_ROOT_CLASS = YES_ERROR;
				CLANG_WARN_QUOTED_INCLUDE_IN_FRAMEWORK_HEADER = YES;
				CLANG_WARN_RANGE_LOOP_ANALYSIS = YES;
				CLANG_WARN_STRICT_PROTOTYPES = YES;
				CLANG_WARN_SUSPICIOUS_MOVE = YES;
				CLANG_WARN_UNGUARDED_AVAILABILITY = YES_AGGRESSIVE;
				CLANG_WARN_UNREACHABLE_CODE = YES;
				CLANG_WARN__DUPLICATE_METHOD_MATCH = YES;
				COPY_PHASE_STRIP = NO;
				DEBUG_INFORMATION_FORMAT = dwarf;
				ENABLE_STRICT_OBJC_MSGSEND = YES;
				ENABLE_TESTABILITY = YES;
				GCC_C_LANGUAGE_STANDARD = gnu11;
				GCC_DYNAMIC_NO_PIC = NO;
				GCC_NO_COMMON_BLOCKS = YES;
				GCC_OPTIMIZATION_LEVEL = 0;
				GCC_PREPROCESSOR_DEFINITIONS = (
					"DEBUG=1",
					"$(inherited)",
				);
				GCC_WARN_64_TO_32_BIT_CONVERSION = YES;
				GCC_WARN_ABOUT_RETURN_TYPE = YES_ERROR;
				GCC_WARN_UNDECLARED_SELECTOR = YES;
				GCC_WARN_UNINITIALIZED_AUTOS = YES_AGGRESSIVE;
				GCC_WARN_UNUSED_FUNCTION = YES;
				GCC_WARN_UNUSED_VARIABLE = YES;
				IPHONEOS_DEPLOYMENT_TARGET = 14.5;
				MTL_ENABLE_DEBUG_INFO = INCLUDE_SOURCE;
				MTL_FAST_MATH = YES;
				ONLY_ACTIVE_ARCH = YES;
				SDKROOT = iphoneos;
				SWIFT_ACTIVE_COMPILATION_CONDITIONS = DEBUG;
				SWIFT_OPTIMIZATION_LEVEL = "-Onone";
			};
			name = Debug;
		};
		4CD1D0C5266DA0C30087D54E /* Release */ = {
			isa = XCBuildConfiguration;
			buildSettings = {
				ALWAYS_SEARCH_USER_PATHS = NO;
				CLANG_ANALYZER_NONNULL = YES;
				CLANG_ANALYZER_NUMBER_OBJECT_CONVERSION = YES_AGGRESSIVE;
				CLANG_CXX_LANGUAGE_STANDARD = "gnu++14";
				CLANG_CXX_LIBRARY = "libc++";
				CLANG_ENABLE_MODULES = YES;
				CLANG_ENABLE_OBJC_ARC = YES;
				CLANG_ENABLE_OBJC_WEAK = YES;
				CLANG_WARN_BLOCK_CAPTURE_AUTORELEASING = YES;
				CLANG_WARN_BOOL_CONVERSION = YES;
				CLANG_WARN_COMMA = YES;
				CLANG_WARN_CONSTANT_CONVERSION = YES;
				CLANG_WARN_DEPRECATED_OBJC_IMPLEMENTATIONS = YES;
				CLANG_WARN_DIRECT_OBJC_ISA_USAGE = YES_ERROR;
				CLANG_WARN_DOCUMENTATION_COMMENTS = YES;
				CLANG_WARN_EMPTY_BODY = YES;
				CLANG_WARN_ENUM_CONVERSION = YES;
				CLANG_WARN_INFINITE_RECURSION = YES;
				CLANG_WARN_INT_CONVERSION = YES;
				CLANG_WARN_NON_LITERAL_NULL_CONVERSION = YES;
				CLANG_WARN_OBJC_IMPLICIT_RETAIN_SELF = YES;
				CLANG_WARN_OBJC_LITERAL_CONVERSION = YES;
				CLANG_WARN_OBJC_ROOT_CLASS = YES_ERROR;
				CLANG_WARN_QUOTED_INCLUDE_IN_FRAMEWORK_HEADER = YES;
				CLANG_WARN_RANGE_LOOP_ANALYSIS = YES;
				CLANG_WARN_STRICT_PROTOTYPES = YES;
				CLANG_WARN_SUSPICIOUS_MOVE = YES;
				CLANG_WARN_UNGUARDED_AVAILABILITY = YES_AGGRESSIVE;
				CLANG_WARN_UNREACHABLE_CODE = YES;
				CLANG_WARN__DUPLICATE_METHOD_MATCH = YES;
				COPY_PHASE_STRIP = NO;
				DEBUG_INFORMATION_FORMAT = "dwarf-with-dsym";
				ENABLE_NS_ASSERTIONS = NO;
				ENABLE_STRICT_OBJC_MSGSEND = YES;
				GCC_C_LANGUAGE_STANDARD = gnu11;
				GCC_NO_COMMON_BLOCKS = YES;
				GCC_WARN_64_TO_32_BIT_CONVERSION = YES;
				GCC_WARN_ABOUT_RETURN_TYPE = YES_ERROR;
				GCC_WARN_UNDECLARED_SELECTOR = YES;
				GCC_WARN_UNINITIALIZED_AUTOS = YES_AGGRESSIVE;
				GCC_WARN_UNUSED_FUNCTION = YES;
				GCC_WARN_UNUSED_VARIABLE = YES;
				IPHONEOS_DEPLOYMENT_TARGET = 14.5;
				MTL_ENABLE_DEBUG_INFO = NO;
				MTL_FAST_MATH = YES;
				SDKROOT = iphoneos;
				SWIFT_COMPILATION_MODE = wholemodule;
				SWIFT_OPTIMIZATION_LEVEL = "-O";
				VALIDATE_PRODUCT = YES;
			};
			name = Release;
		};
		4CD1D0C7266DA0C30087D54E /* Debug */ = {
			isa = XCBuildConfiguration;
			buildSettings = {
				ASSETCATALOG_COMPILER_APPICON_NAME = AppIcon;
				ASSETCATALOG_COMPILER_GLOBAL_ACCENT_COLOR_NAME = AccentColor;
				CODE_SIGN_STYLE = Automatic;
				INFOPLIST_FILE = FlashApp/Info.plist;
				LD_RUNPATH_SEARCH_PATHS = (
					"$(inherited)",
					"@executable_path/Frameworks",
				);
				PRODUCT_BUNDLE_IDENTIFIER = com.mandu.FlashApp;
				PRODUCT_NAME = "$(TARGET_NAME)";
				SWIFT_VERSION = 5.0;
				TARGETED_DEVICE_FAMILY = "1,2";
			};
			name = Debug;
		};
		4CD1D0C8266DA0C30087D54E /* Release */ = {
			isa = XCBuildConfiguration;
			buildSettings = {
				ASSETCATALOG_COMPILER_APPICON_NAME = AppIcon;
				ASSETCATALOG_COMPILER_GLOBAL_ACCENT_COLOR_NAME = AccentColor;
				CODE_SIGN_STYLE = Automatic;
				INFOPLIST_FILE = FlashApp/Info.plist;
				LD_RUNPATH_SEARCH_PATHS = (
					"$(inherited)",
					"@executable_path/Frameworks",
				);
				PRODUCT_BUNDLE_IDENTIFIER = com.mandu.FlashApp;
				PRODUCT_NAME = "$(TARGET_NAME)";
				SWIFT_VERSION = 5.0;
				TARGETED_DEVICE_FAMILY = "1,2";
			};
			name = Release;
		};
/* End XCBuildConfiguration section */

/* Begin XCConfigurationList section */
		4CD1D0AD266DA0C10087D54E /* Build configuration list for PBXProject "FlashApp" */ = {
			isa = XCConfigurationList;
			buildConfigurations = (
				4CD1D0C4266DA0C30087D54E /* Debug */,
				4CD1D0C5266DA0C30087D54E /* Release */,
			);
			defaultConfigurationIsVisible = 0;
			defaultConfigurationName = Release;
		};
		4CD1D0C6266DA0C30087D54E /* Build configuration list for PBXNativeTarget "FlashApp" */ = {
			isa = XCConfigurationList;
			buildConfigurations = (
				4CD1D0C7266DA0C30087D54E /* Debug */,
				4CD1D0C8266DA0C30087D54E /* Release */,
			);
			defaultConfigurationIsVisible = 0;
			defaultConfigurationName = Release;
		};
/* End XCConfigurationList section */
	};
	rootObject = 4CD1D0AA266DA0C10087D54E /* Project object */;
}
